
Microsoft Visual Studio Solution File, Format Version 12.00
# Visual Studio Version 17
VisualStudioVersion = 17.7.34221.43
MinimumVisualStudioVersion = 10.0.40219.1
Project("{2150E333-8FDC-42A3-9474-1A3956D46DE8}") = "src", "src", "{0EFB8F9A-4C44-4CC2-A976-0D6ECB14E7E2}"
EndProject
Project("{2150E333-8FDC-42A3-9474-1A3956D46DE8}") = "Building Blocks", "Building Blocks", "{FB7FC09D-66F0-4544-AC14-D8E8B7DE5E62}"
EndProject
Project("{2150E333-8FDC-42A3-9474-1A3956D46DE8}") = "Services", "Services", "{82F7C912-AB6D-4CC1-BE2B-AF1BA88DFBFB}"
EndProject
Project("{2150E333-8FDC-42A3-9474-1A3956D46DE8}") = "Web", "Web", "{D98ED215-C83C-45C4-8F54-76219694322E}"
EndProject
Project("{2150E333-8FDC-42A3-9474-1A3956D46DE8}") = "Authentication", "Authentication", "{4D0E892D-5FF4-429C-B10A-A032D52771A8}"
EndProject
Project("{9A19103F-16F7-4668-BE54-9A1E7A4F7556}") = "EMS.Authentication.API", "src\services\EMS.Authentication.API\EMS.Authentication.API.csproj", "{4465719F-DCFE-43AD-BC36-C037C019CAA4}"
EndProject
Project("{2150E333-8FDC-42A3-9474-1A3956D46DE8}") = "Services", "Services", "{797F0229-9340-48F6-96AB-7286211A95EC}"
EndProject
Project("{9A19103F-16F7-4668-BE54-9A1E7A4F7556}") = "EMS.WebAPI.Core", "src\building blocks\EMS.WebAPI.Core\EMS.WebAPI.Core.csproj", "{60EB3380-FD1D-4B6F-80BE-B6850A17FE78}"
EndProject
Project("{2150E333-8FDC-42A3-9474-1A3956D46DE8}") = "MVC", "MVC", "{525F3CCB-104E-4EA4-BA84-0E9E9416CBB2}"
EndProject
Project("{2150E333-8FDC-42A3-9474-1A3956D46DE8}") = "Core", "Core", "{DA0A1490-6C2C-4C1B-B829-8DEEAECC10FF}"
EndProject
Project("{9A19103F-16F7-4668-BE54-9A1E7A4F7556}") = "EMS.Core", "src\building blocks\EMS.Core\EMS.Core.csproj", "{D39E41CB-FEB6-428E-83FD-0CDA3DA6F429}"
EndProject
Project("{9A19103F-16F7-4668-BE54-9A1E7A4F7556}") = "EMS.WebApp.MVC", "src\web\EMS.WebApp.MVC\EMS.WebApp.MVC.csproj", "{498E135D-F9FF-4A43-B90F-E562ED908551}"
EndProject
Project("{2150E333-8FDC-42A3-9474-1A3956D46DE8}") = "Subscription", "Subscription", "{5F5A7A86-4B0A-41BF-A7AF-E7B8209CCDC8}"
EndProject
Project("{FAE04EC0-301F-11D3-BF4B-00C04F79EFBC}") = "EMS.Subscription.API", "src\services\EMS.Subscription.API\EMS.Subscription.API.csproj", "{3663BA15-5156-493F-BEBB-B28740E75581}"
EndProject
Global
	GlobalSection(SolutionConfigurationPlatforms) = preSolution
		Debug|Any CPU = Debug|Any CPU
		Debug|x64 = Debug|x64
		Debug|x86 = Debug|x86
		Release|Any CPU = Release|Any CPU
		Release|x64 = Release|x64
		Release|x86 = Release|x86
	EndGlobalSection
	GlobalSection(ProjectConfigurationPlatforms) = postSolution
		{4465719F-DCFE-43AD-BC36-C037C019CAA4}.Debug|Any CPU.ActiveCfg = Debug|Any CPU
		{4465719F-DCFE-43AD-BC36-C037C019CAA4}.Debug|Any CPU.Build.0 = Debug|Any CPU
		{4465719F-DCFE-43AD-BC36-C037C019CAA4}.Debug|x64.ActiveCfg = Debug|Any CPU
		{4465719F-DCFE-43AD-BC36-C037C019CAA4}.Debug|x64.Build.0 = Debug|Any CPU
		{4465719F-DCFE-43AD-BC36-C037C019CAA4}.Debug|x86.ActiveCfg = Debug|Any CPU
		{4465719F-DCFE-43AD-BC36-C037C019CAA4}.Debug|x86.Build.0 = Debug|Any CPU
		{4465719F-DCFE-43AD-BC36-C037C019CAA4}.Release|Any CPU.ActiveCfg = Release|Any CPU
		{4465719F-DCFE-43AD-BC36-C037C019CAA4}.Release|Any CPU.Build.0 = Release|Any CPU
		{4465719F-DCFE-43AD-BC36-C037C019CAA4}.Release|x64.ActiveCfg = Release|Any CPU
		{4465719F-DCFE-43AD-BC36-C037C019CAA4}.Release|x64.Build.0 = Release|Any CPU
		{4465719F-DCFE-43AD-BC36-C037C019CAA4}.Release|x86.ActiveCfg = Release|Any CPU
		{4465719F-DCFE-43AD-BC36-C037C019CAA4}.Release|x86.Build.0 = Release|Any CPU
		{60EB3380-FD1D-4B6F-80BE-B6850A17FE78}.Debug|Any CPU.ActiveCfg = Debug|Any CPU
		{60EB3380-FD1D-4B6F-80BE-B6850A17FE78}.Debug|Any CPU.Build.0 = Debug|Any CPU
		{60EB3380-FD1D-4B6F-80BE-B6850A17FE78}.Debug|x64.ActiveCfg = Debug|Any CPU
		{60EB3380-FD1D-4B6F-80BE-B6850A17FE78}.Debug|x64.Build.0 = Debug|Any CPU
		{60EB3380-FD1D-4B6F-80BE-B6850A17FE78}.Debug|x86.ActiveCfg = Debug|Any CPU
		{60EB3380-FD1D-4B6F-80BE-B6850A17FE78}.Debug|x86.Build.0 = Debug|Any CPU
		{60EB3380-FD1D-4B6F-80BE-B6850A17FE78}.Release|Any CPU.ActiveCfg = Release|Any CPU
		{60EB3380-FD1D-4B6F-80BE-B6850A17FE78}.Release|Any CPU.Build.0 = Release|Any CPU
		{60EB3380-FD1D-4B6F-80BE-B6850A17FE78}.Release|x64.ActiveCfg = Release|Any CPU
		{60EB3380-FD1D-4B6F-80BE-B6850A17FE78}.Release|x64.Build.0 = Release|Any CPU
		{60EB3380-FD1D-4B6F-80BE-B6850A17FE78}.Release|x86.ActiveCfg = Release|Any CPU
		{60EB3380-FD1D-4B6F-80BE-B6850A17FE78}.Release|x86.Build.0 = Release|Any CPU
		{D39E41CB-FEB6-428E-83FD-0CDA3DA6F429}.Debug|Any CPU.ActiveCfg = Debug|Any CPU
		{D39E41CB-FEB6-428E-83FD-0CDA3DA6F429}.Debug|Any CPU.Build.0 = Debug|Any CPU
		{D39E41CB-FEB6-428E-83FD-0CDA3DA6F429}.Debug|x64.ActiveCfg = Debug|Any CPU
		{D39E41CB-FEB6-428E-83FD-0CDA3DA6F429}.Debug|x64.Build.0 = Debug|Any CPU
		{D39E41CB-FEB6-428E-83FD-0CDA3DA6F429}.Debug|x86.ActiveCfg = Debug|Any CPU
		{D39E41CB-FEB6-428E-83FD-0CDA3DA6F429}.Debug|x86.Build.0 = Debug|Any CPU
		{D39E41CB-FEB6-428E-83FD-0CDA3DA6F429}.Release|Any CPU.ActiveCfg = Release|Any CPU
		{D39E41CB-FEB6-428E-83FD-0CDA3DA6F429}.Release|Any CPU.Build.0 = Release|Any CPU
		{D39E41CB-FEB6-428E-83FD-0CDA3DA6F429}.Release|x64.ActiveCfg = Release|Any CPU
		{D39E41CB-FEB6-428E-83FD-0CDA3DA6F429}.Release|x64.Build.0 = Release|Any CPU
		{D39E41CB-FEB6-428E-83FD-0CDA3DA6F429}.Release|x86.ActiveCfg = Release|Any CPU
		{D39E41CB-FEB6-428E-83FD-0CDA3DA6F429}.Release|x86.Build.0 = Release|Any CPU
		{498E135D-F9FF-4A43-B90F-E562ED908551}.Debug|Any CPU.ActiveCfg = Debug|Any CPU
		{498E135D-F9FF-4A43-B90F-E562ED908551}.Debug|Any CPU.Build.0 = Debug|Any CPU
		{498E135D-F9FF-4A43-B90F-E562ED908551}.Debug|x64.ActiveCfg = Debug|Any CPU
		{498E135D-F9FF-4A43-B90F-E562ED908551}.Debug|x64.Build.0 = Debug|Any CPU
		{498E135D-F9FF-4A43-B90F-E562ED908551}.Debug|x86.ActiveCfg = Debug|Any CPU
		{498E135D-F9FF-4A43-B90F-E562ED908551}.Debug|x86.Build.0 = Debug|Any CPU
		{498E135D-F9FF-4A43-B90F-E562ED908551}.Release|Any CPU.ActiveCfg = Release|Any CPU
		{498E135D-F9FF-4A43-B90F-E562ED908551}.Release|Any CPU.Build.0 = Release|Any CPU
		{498E135D-F9FF-4A43-B90F-E562ED908551}.Release|x64.ActiveCfg = Release|Any CPU
		{498E135D-F9FF-4A43-B90F-E562ED908551}.Release|x64.Build.0 = Release|Any CPU
		{498E135D-F9FF-4A43-B90F-E562ED908551}.Release|x86.ActiveCfg = Release|Any CPU
		{498E135D-F9FF-4A43-B90F-E562ED908551}.Release|x86.Build.0 = Release|Any CPU
		{3663BA15-5156-493F-BEBB-B28740E75581}.Debug|Any CPU.ActiveCfg = Debug|Any CPU
		{3663BA15-5156-493F-BEBB-B28740E75581}.Debug|Any CPU.Build.0 = Debug|Any CPU
		{3663BA15-5156-493F-BEBB-B28740E75581}.Debug|x64.ActiveCfg = Debug|Any CPU
		{3663BA15-5156-493F-BEBB-B28740E75581}.Debug|x64.Build.0 = Debug|Any CPU
		{3663BA15-5156-493F-BEBB-B28740E75581}.Debug|x86.ActiveCfg = Debug|Any CPU
		{3663BA15-5156-493F-BEBB-B28740E75581}.Debug|x86.Build.0 = Debug|Any CPU
		{3663BA15-5156-493F-BEBB-B28740E75581}.Release|Any CPU.ActiveCfg = Release|Any CPU
		{3663BA15-5156-493F-BEBB-B28740E75581}.Release|Any CPU.Build.0 = Release|Any CPU
		{3663BA15-5156-493F-BEBB-B28740E75581}.Release|x64.ActiveCfg = Release|Any CPU
		{3663BA15-5156-493F-BEBB-B28740E75581}.Release|x64.Build.0 = Release|Any CPU
		{3663BA15-5156-493F-BEBB-B28740E75581}.Release|x86.ActiveCfg = Release|Any CPU
		{3663BA15-5156-493F-BEBB-B28740E75581}.Release|x86.Build.0 = Release|Any CPU
	EndGlobalSection
	GlobalSection(SolutionProperties) = preSolution
		HideSolutionNode = FALSE
	EndGlobalSection
	GlobalSection(NestedProjects) = preSolution
		{FB7FC09D-66F0-4544-AC14-D8E8B7DE5E62} = {0EFB8F9A-4C44-4CC2-A976-0D6ECB14E7E2}
		{82F7C912-AB6D-4CC1-BE2B-AF1BA88DFBFB} = {0EFB8F9A-4C44-4CC2-A976-0D6ECB14E7E2}
		{D98ED215-C83C-45C4-8F54-76219694322E} = {0EFB8F9A-4C44-4CC2-A976-0D6ECB14E7E2}
		{4D0E892D-5FF4-429C-B10A-A032D52771A8} = {82F7C912-AB6D-4CC1-BE2B-AF1BA88DFBFB}
		{4465719F-DCFE-43AD-BC36-C037C019CAA4} = {4D0E892D-5FF4-429C-B10A-A032D52771A8}
		{797F0229-9340-48F6-96AB-7286211A95EC} = {FB7FC09D-66F0-4544-AC14-D8E8B7DE5E62}
		{60EB3380-FD1D-4B6F-80BE-B6850A17FE78} = {797F0229-9340-48F6-96AB-7286211A95EC}
		{525F3CCB-104E-4EA4-BA84-0E9E9416CBB2} = {D98ED215-C83C-45C4-8F54-76219694322E}
		{DA0A1490-6C2C-4C1B-B829-8DEEAECC10FF} = {FB7FC09D-66F0-4544-AC14-D8E8B7DE5E62}
		{D39E41CB-FEB6-428E-83FD-0CDA3DA6F429} = {DA0A1490-6C2C-4C1B-B829-8DEEAECC10FF}
		{498E135D-F9FF-4A43-B90F-E562ED908551} = {525F3CCB-104E-4EA4-BA84-0E9E9416CBB2}
		{5F5A7A86-4B0A-41BF-A7AF-E7B8209CCDC8} = {82F7C912-AB6D-4CC1-BE2B-AF1BA88DFBFB}
		{3663BA15-5156-493F-BEBB-B28740E75581} = {5F5A7A86-4B0A-41BF-A7AF-E7B8209CCDC8}
	EndGlobalSection
	GlobalSection(ExtensibilityGlobals) = postSolution
		SolutionGuid = {8B583DA7-8EF9-4D43-80FD-1E154191D6CB}
	EndGlobalSection
EndGlobal
